
Microsoft Visual Studio Solution File, Format Version 12.00
# Visual Studio Version 16
VisualStudioVersion = 16.0.31727.386
MinimumVisualStudioVersion = 10.0.40219.1
Project("{FAE04EC0-301F-11D3-BF4B-00C04F79EFBC}") = "AzureRuleMTRepo", "AzureRuleMTRepo\AzureRuleMTRepo.csproj", "{EF5C1FF3-7C25-42C7-8721-3E716C8FF537}"
EndProject
Global
	GlobalSection(SolutionConfigurationPlatforms) = preSolution
		Debug|Any CPU = Debug|Any CPU
		Release|Any CPU = Release|Any CPU
	EndGlobalSection
	GlobalSection(ProjectConfigurationPlatforms) = postSolution
		{EF5C1FF3-7C25-42C7-8721-3E716C8FF537}.Debug|Any CPU.ActiveCfg = Debug|Any CPU
		{EF5C1FF3-7C25-42C7-8721-3E716C8FF537}.Debug|Any CPU.Build.0 = Debug|Any CPU
		{EF5C1FF3-7C25-42C7-8721-3E716C8FF537}.Release|Any CPU.ActiveCfg = Release|Any CPU
		{EF5C1FF3-7C25-42C7-8721-3E716C8FF537}.Release|Any CPU.Build.0 = Release|Any CPU
	EndGlobalSection
	GlobalSection(SolutionProperties) = preSolution
		HideSolutionNode = FALSE
	EndGlobalSection
	GlobalSection(ExtensibilityGlobals) = postSolution
		SolutionGuid = {345FBAAB-602A-4E1A-83E0-7FAD2B8A4576}
	EndGlobalSection
EndGlobal
